
Microsoft Visual Studio Solution File, Format Version 12.00
# Visual Studio Version 17
VisualStudioVersion = 17.6.33815.320
MinimumVisualStudioVersion = 10.0.40219.1
Project("{FAE04EC0-301F-11D3-BF4B-00C04F79EFBC}") = "WEBMVCCRUD", "WEB MVC CRUD\WEBMVCCRUD.csproj", "{6951ABEE-8757-46DB-9C37-B3056B8888B2}"
	ProjectSection(ProjectDependencies) = postProject
		{4F9BB695-7FFF-4975-8033-6991B37DB662} = {4F9BB695-7FFF-4975-8033-6991B37DB662}
	EndProjectSection
EndProject
Project("{FAE04EC0-301F-11D3-BF4B-00C04F79EFBC}") = "DBManager", "DBManager\DBManager.csproj", "{D1D0F210-FAA6-4FF0-A6EA-406C1B6D40B1}"
EndProject
Project("{FAE04EC0-301F-11D3-BF4B-00C04F79EFBC}") = "WebMVC.Data", "WebMVC.Data\WebMVC.Data.csproj", "{4F9BB695-7FFF-4975-8033-6991B37DB662}"
	ProjectSection(ProjectDependencies) = postProject
		{D1D0F210-FAA6-4FF0-A6EA-406C1B6D40B1} = {D1D0F210-FAA6-4FF0-A6EA-406C1B6D40B1}
	EndProjectSection
EndProject
Global
	GlobalSection(SolutionConfigurationPlatforms) = preSolution
		Debug|Any CPU = Debug|Any CPU
		Release|Any CPU = Release|Any CPU
	EndGlobalSection
	GlobalSection(ProjectConfigurationPlatforms) = postSolution
		{6951ABEE-8757-46DB-9C37-B3056B8888B2}.Debug|Any CPU.ActiveCfg = Debug|Any CPU
		{6951ABEE-8757-46DB-9C37-B3056B8888B2}.Debug|Any CPU.Build.0 = Debug|Any CPU
		{6951ABEE-8757-46DB-9C37-B3056B8888B2}.Release|Any CPU.ActiveCfg = Release|Any CPU
		{6951ABEE-8757-46DB-9C37-B3056B8888B2}.Release|Any CPU.Build.0 = Release|Any CPU
		{D1D0F210-FAA6-4FF0-A6EA-406C1B6D40B1}.Debug|Any CPU.ActiveCfg = Debug|Any CPU
		{D1D0F210-FAA6-4FF0-A6EA-406C1B6D40B1}.Debug|Any CPU.Build.0 = Debug|Any CPU
		{D1D0F210-FAA6-4FF0-A6EA-406C1B6D40B1}.Release|Any CPU.ActiveCfg = Release|Any CPU
		{D1D0F210-FAA6-4FF0-A6EA-406C1B6D40B1}.Release|Any CPU.Build.0 = Release|Any CPU
		{4F9BB695-7FFF-4975-8033-6991B37DB662}.Debug|Any CPU.ActiveCfg = Debug|Any CPU
		{4F9BB695-7FFF-4975-8033-6991B37DB662}.Debug|Any CPU.Build.0 = Debug|Any CPU
		{4F9BB695-7FFF-4975-8033-6991B37DB662}.Release|Any CPU.ActiveCfg = Release|Any CPU
		{4F9BB695-7FFF-4975-8033-6991B37DB662}.Release|Any CPU.Build.0 = Release|Any CPU
	EndGlobalSection
	GlobalSection(SolutionProperties) = preSolution
		HideSolutionNode = FALSE
	EndGlobalSection
	GlobalSection(ExtensibilityGlobals) = postSolution
		SolutionGuid = {0DF5BEAD-9A17-45FF-919D-8D585F47DDA2}
	EndGlobalSection
EndGlobal
